
Microsoft Visual Studio Solution File, Format Version 12.00
# Visual Studio Version 17
VisualStudioVersion = 17.0.31903.59
MinimumVisualStudioVersion = 10.0.40219.1
Project("{FAE04EC0-301F-11D3-BF4B-00C04F79EFBC}") = "Tms.Api", "Tms.Api\Tms.Api.csproj", "{1751F2EC-83F3-4B23-8A64-07B113B528E2}"
EndProject
Project("{FAE04EC0-301F-11D3-BF4B-00C04F79EFBC}") = "Tms.Domain", "Tms.Domain\Tms.Domain.csproj", "{2447DE27-6D24-44AD-8C73-91B3F2F4794D}"
EndProject
Project("{FAE04EC0-301F-11D3-BF4B-00C04F79EFBC}") = "Tms.Infrastructure", "Tms.Infrastructure\Tms.Infrastructure.csproj", "{45AA73AD-4802-45BE-91BE-E0590C0688D2}"
EndProject
Project("{FAE04EC0-301F-11D3-BF4B-00C04F79EFBC}") = "Tms.Application", "Tms.Application\Tms.Application.csproj", "{DBA57C52-06BE-48DE-8F54-73819F0AE245}"
EndProject
Project("{FAE04EC0-301F-11D3-BF4B-00C04F79EFBC}") = "Tms.Tests", "Tms.Tests\Tms.Tests.csproj", "{DD201F4E-369E-4DDF-9826-AC4EEA4C5797}"
EndProject
Global
	GlobalSection(SolutionConfigurationPlatforms) = preSolution
		Debug|Any CPU = Debug|Any CPU
		Release|Any CPU = Release|Any CPU
	EndGlobalSection
	GlobalSection(SolutionProperties) = preSolution
		HideSolutionNode = FALSE
	EndGlobalSection
	GlobalSection(ProjectConfigurationPlatforms) = postSolution
		{1751F2EC-83F3-4B23-8A64-07B113B528E2}.Debug|Any CPU.ActiveCfg = Debug|Any CPU
		{1751F2EC-83F3-4B23-8A64-07B113B528E2}.Debug|Any CPU.Build.0 = Debug|Any CPU
		{1751F2EC-83F3-4B23-8A64-07B113B528E2}.Release|Any CPU.ActiveCfg = Release|Any CPU
		{1751F2EC-83F3-4B23-8A64-07B113B528E2}.Release|Any CPU.Build.0 = Release|Any CPU
		{2447DE27-6D24-44AD-8C73-91B3F2F4794D}.Debug|Any CPU.ActiveCfg = Debug|Any CPU
		{2447DE27-6D24-44AD-8C73-91B3F2F4794D}.Debug|Any CPU.Build.0 = Debug|Any CPU
		{2447DE27-6D24-44AD-8C73-91B3F2F4794D}.Release|Any CPU.ActiveCfg = Release|Any CPU
		{2447DE27-6D24-44AD-8C73-91B3F2F4794D}.Release|Any CPU.Build.0 = Release|Any CPU
		{45AA73AD-4802-45BE-91BE-E0590C0688D2}.Debug|Any CPU.ActiveCfg = Debug|Any CPU
		{45AA73AD-4802-45BE-91BE-E0590C0688D2}.Debug|Any CPU.Build.0 = Debug|Any CPU
		{45AA73AD-4802-45BE-91BE-E0590C0688D2}.Release|Any CPU.ActiveCfg = Release|Any CPU
		{45AA73AD-4802-45BE-91BE-E0590C0688D2}.Release|Any CPU.Build.0 = Release|Any CPU
		{DBA57C52-06BE-48DE-8F54-73819F0AE245}.Debug|Any CPU.ActiveCfg = Debug|Any CPU
		{DBA57C52-06BE-48DE-8F54-73819F0AE245}.Debug|Any CPU.Build.0 = Debug|Any CPU
		{DBA57C52-06BE-48DE-8F54-73819F0AE245}.Release|Any CPU.ActiveCfg = Release|Any CPU
		{DBA57C52-06BE-48DE-8F54-73819F0AE245}.Release|Any CPU.Build.0 = Release|Any CPU
		{DD201F4E-369E-4DDF-9826-AC4EEA4C5797}.Debug|Any CPU.ActiveCfg = Debug|Any CPU
		{DD201F4E-369E-4DDF-9826-AC4EEA4C5797}.Debug|Any CPU.Build.0 = Debug|Any CPU
		{DD201F4E-369E-4DDF-9826-AC4EEA4C5797}.Release|Any CPU.ActiveCfg = Release|Any CPU
		{DD201F4E-369E-4DDF-9826-AC4EEA4C5797}.Release|Any CPU.Build.0 = Release|Any CPU
	EndGlobalSection
EndGlobal
